
Microsoft Visual Studio Solution File, Format Version 12.00
# Visual Studio Version 17
VisualStudioVersion = 17.0.31903.59
MinimumVisualStudioVersion = 10.0.40219.1
Project("{2150E333-8FDC-42A3-9474-1A3956D46DE8}") = "src", "src", "{8808F48B-51DC-450A-AC49-263A60332F18}"
EndProject
Project("{2150E333-8FDC-42A3-9474-1A3956D46DE8}") = "Api", "Api", "{C7071999-393A-427C-834B-94B3609A4530}"
EndProject
Project("{FAE04EC0-301F-11D3-BF4B-00C04F79EFBC}") = "Alilu.Api", "src\Api\Alilu.Api\Alilu.Api.csproj", "{EB364B7C-4E93-4BAA-85DB-27C1986DD0F6}"
EndProject
Project("{2150E333-8FDC-42A3-9474-1A3956D46DE8}") = "Infrastructure", "Infrastructure", "{E3543777-9F9F-42E8-800F-D85EE74C310B}"
EndProject
Project("{FAE04EC0-301F-11D3-BF4B-00C04F79EFBC}") = "Alilu.Infrastructure", "src\Infrastructure\Alilu.Infrastructure\Alilu.Infrastructure.csproj", "{A0C60E46-23D9-42A9-9103-881547B8961A}"
EndProject
Project("{2150E333-8FDC-42A3-9474-1A3956D46DE8}") = "Shared", "Shared", "{90E83AA2-0510-475E-AE36-F9901DD85152}"
EndProject
Project("{FAE04EC0-301F-11D3-BF4B-00C04F79EFBC}") = "Alilu.Shared", "src\Shared\Alilu.Shared\Alilu.Shared.csproj", "{061F9C35-3928-428C-9D18-CA4636C26802}"
EndProject
Project("{2150E333-8FDC-42A3-9474-1A3956D46DE8}") = "Modules", "Modules", "{56F6F1AC-DF9E-4DEE-A50A-A0BDCA156008}"
EndProject
Project("{2150E333-8FDC-42A3-9474-1A3956D46DE8}") = "Administration", "Administration", "{EBAD3087-97DE-4F03-A9B3-A88F145A39DA}"
EndProject
Project("{FAE04EC0-301F-11D3-BF4B-00C04F79EFBC}") = "Alilu.Modules.Administration.Application", "src\Modules\Administration\Application\Alilu.Modules.Administration.Application.csproj", "{562A1010-E8F8-4496-AC9A-ACDA462BEFA8}"
EndProject
Project("{FAE04EC0-301F-11D3-BF4B-00C04F79EFBC}") = "Alilu.Modules.Administration.Domain", "src\Modules\Administration\Domain\Alilu.Modules.Administration.Domain.csproj", "{C17F2CB6-DDE7-41EA-B4EA-197766BAE6E4}"
EndProject
Project("{FAE04EC0-301F-11D3-BF4B-00C04F79EFBC}") = "Alilu.Modules.Administration.Infrastructure", "src\Modules\Administration\Infrastructure\Alilu.Modules.Administration.Infrastructure.csproj", "{4BB16AE3-62DF-4AC4-A62E-A059F6ED49F9}"
EndProject
Project("{FAE04EC0-301F-11D3-BF4B-00C04F79EFBC}") = "Alilu.Modules.Administration.Application.Tests", "src\Modules\Administration\Application.Tests\Alilu.Modules.Administration.Application.Tests.csproj", "{1A2B3C4D-5E6F-4708-9A1B-2C3D4E5F6A7B}"
EndProject
Project("{2150E333-8FDC-42A3-9474-1A3956D46DE8}") = "Condominium", "Condominium", "{8729BED1-6AD8-426E-A200-1326ACF58434}"
EndProject
Project("{FAE04EC0-301F-11D3-BF4B-00C04F79EFBC}") = "Alilu.Modules.Condominium.Application", "src\Modules\Condominium\Application\Alilu.Modules.Condominium.Application.csproj", "{CA02267E-875B-4508-984E-8F9113AA3724}"
EndProject
Project("{FAE04EC0-301F-11D3-BF4B-00C04F79EFBC}") = "Alilu.Modules.Condominium.Domain", "src\Modules\Condominium\Domain\Alilu.Modules.Condominium.Domain.csproj", "{62D296C2-9E78-4064-ADB5-1A81C36708DA}"
EndProject
Project("{FAE04EC0-301F-11D3-BF4B-00C04F79EFBC}") = "Alilu.Modules.Condominium.Infrastructure", "src\Modules\Condominium\Infrastructure\Alilu.Modules.Condominium.Infrastructure.csproj", "{20BD5BF5-E4ED-4B9C-A1E7-5D0D671DE3BC}"
EndProject
Project("{FAE04EC0-301F-11D3-BF4B-00C04F79EFBC}") = "Alilu.Modules.Condominium.Application.Tests", "src\Modules\Condominium\Application.Tests\Alilu.Modules.Condominium.Application.Tests.csproj", "{5F00C4D1-F095-44D5-B87C-B958B9DAA148}"
EndProject
Project("{2150E333-8FDC-42A3-9474-1A3956D46DE8}") = "Identity", "Identity", "{3A90EF40-0C81-49C4-8209-4526163CDDA4}"
EndProject
Project("{FAE04EC0-301F-11D3-BF4B-00C04F79EFBC}") = "Alilu.Modules.Identity.Application", "src\Modules\Identity\Application\Alilu.Modules.Identity.Application.csproj", "{7B818A4E-A88F-41A8-82A0-4EACF6D45494}"
EndProject
Project("{FAE04EC0-301F-11D3-BF4B-00C04F79EFBC}") = "Alilu.Modules.Identity.Domain", "src\Modules\Identity\Domain\Alilu.Modules.Identity.Domain.csproj", "{4F9CA3E1-FB75-450A-B9F8-713A5911958C}"
EndProject
Project("{FAE04EC0-301F-11D3-BF4B-00C04F79EFBC}") = "Alilu.Modules.Identity.Infrastructure", "src\Modules\Identity\Infrastructure\Alilu.Modules.Identity.Infrastructure.csproj", "{C9F2D202-C287-4254-A62F-06EA5DD2B001}"
EndProject
Project("{FAE04EC0-301F-11D3-BF4B-00C04F79EFBC}") = "Alilu.Modules.Identity.Application.Tests", "src\Modules\Identity\Application.Tests\Alilu.Modules.Identity.Application.Tests.csproj", "{7802DA18-61AE-4534-B532-3DCC1D162331}"
EndProject
Project("{2150E333-8FDC-42A3-9474-1A3956D46DE8}") = "Notifications", "Notifications", "{5C2FB0E5-32A5-4C61-BD90-295033BE8650}"
EndProject
Project("{FAE04EC0-301F-11D3-BF4B-00C04F79EFBC}") = "Alilu.Modules.Notifications.Application", "src\Modules\Notifications\Application\Alilu.Modules.Notifications.Application.csproj", "{DCCA210C-42D1-451C-BB30-B1B1CF9ABAF5}"
EndProject
Project("{FAE04EC0-301F-11D3-BF4B-00C04F79EFBC}") = "Alilu.Modules.Notifications.Domain", "src\Modules\Notifications\Domain\Alilu.Modules.Notifications.Domain.csproj", "{FE6FE9DC-DEE7-4F48-A579-8D7AF1DB1437}"
EndProject
Project("{FAE04EC0-301F-11D3-BF4B-00C04F79EFBC}") = "Alilu.Modules.Notifications.Infrastructure", "src\Modules\Notifications\Infrastructure\Alilu.Modules.Notifications.Infrastructure.csproj", "{0D6D9A47-FD74-4180-8FEA-C2B99EF6699B}"
EndProject
Project("{FAE04EC0-301F-11D3-BF4B-00C04F79EFBC}") = "Alilu.Modules.Notifications.Application.Tests", "src\Modules\Notifications\Application.Tests\Alilu.Modules.Notifications.Application.Tests.csproj", "{A7C4E9F2-3B6D-4E81-9F5A-2C8D1B4E6A03}"
EndProject
Project("{2150E333-8FDC-42A3-9474-1A3956D46DE8}") = "Professional", "Professional", "{4F553673-165F-4045-B050-F04282D2F1A4}"
EndProject
Project("{FAE04EC0-301F-11D3-BF4B-00C04F79EFBC}") = "Alilu.Modules.Professional.Application", "src\Modules\Professional\Application\Alilu.Modules.Professional.Application.csproj", "{F3AFD17E-53E0-400E-8121-3879640C59BB}"
EndProject
Project("{FAE04EC0-301F-11D3-BF4B-00C04F79EFBC}") = "Alilu.Modules.Professional.Domain", "src\Modules\Professional\Domain\Alilu.Modules.Professional.Domain.csproj", "{E13843CA-6D8C-41D4-8A49-E843EDCD8DA2}"
EndProject
Project("{FAE04EC0-301F-11D3-BF4B-00C04F79EFBC}") = "Alilu.Modules.Professional.Infrastructure", "src\Modules\Professional\Infrastructure\Alilu.Modules.Professional.Infrastructure.csproj", "{85642A0B-171A-40E7-AF76-84D7DA517541}"
EndProject
Project("{FAE04EC0-301F-11D3-BF4B-00C04F79EFBC}") = "Alilu.Modules.Professional.Application.Tests", "src\Modules\Professional\Application.Tests\Alilu.Modules.Professional.Application.Tests.csproj", "{A1B2C3D4-E5F6-4A7B-8C9D-0E1F2A3B4C5D}"
EndProject
Project("{2150E333-8FDC-42A3-9474-1A3956D46DE8}") = "Recommendations", "Recommendations", "{FB55FDBB-4E6D-444A-9118-9C0AF17557E2}"
EndProject
Project("{FAE04EC0-301F-11D3-BF4B-00C04F79EFBC}") = "Alilu.Modules.Recommendations.Application", "src\Modules\Recommendations\Application\Alilu.Modules.Recommendations.Application.csproj", "{5E6EF0AC-7B5C-4BF9-970F-46833CB4E143}"
EndProject
Project("{FAE04EC0-301F-11D3-BF4B-00C04F79EFBC}") = "Alilu.Modules.Recommendations.Domain", "src\Modules\Recommendations\Domain\Alilu.Modules.Recommendations.Domain.csproj", "{21219BDC-B350-4A16-AE4F-EEE8CD4A6620}"
EndProject
Project("{FAE04EC0-301F-11D3-BF4B-00C04F79EFBC}") = "Alilu.Modules.Recommendations.Infrastructure", "src\Modules\Recommendations\Infrastructure\Alilu.Modules.Recommendations.Infrastructure.csproj", "{E118C706-2135-4442-885A-B87156DF070C}"
EndProject
Project("{FAE04EC0-301F-11D3-BF4B-00C04F79EFBC}") = "Alilu.Modules.Recommendations.Application.Tests", "src\Modules\Recommendations\Application.Tests\Alilu.Modules.Recommendations.Application.Tests.csproj", "{D5B8DEC7-A9E2-4DC5-B815-B61D905E7B8A}"
EndProject
Project("{2150E333-8FDC-42A3-9474-1A3956D46DE8}") = "Mural", "Mural", "{BDA5BDF2-47F4-48AB-ABF8-18CFE50B74B0}"
EndProject
Project("{FAE04EC0-301F-11D3-BF4B-00C04F79EFBC}") = "Alilu.Modules.Mural.Application", "src\Modules\Mural\Application\Alilu.Modules.Mural.Application.csproj", "{8B704340-5968-4442-921A-C6AC69C3DB66}"
EndProject
Project("{FAE04EC0-301F-11D3-BF4B-00C04F79EFBC}") = "Alilu.Modules.Mural.Domain", "src\Modules\Mural\Domain\Alilu.Modules.Mural.Domain.csproj", "{5CC67C07-55F4-4ACF-BF5F-8C53A8C5390D}"
EndProject
Project("{FAE04EC0-301F-11D3-BF4B-00C04F79EFBC}") = "Alilu.Modules.Mural.Infrastructure", "src\Modules\Mural\Infrastructure\Alilu.Modules.Mural.Infrastructure.csproj", "{579F6A2A-C0A3-418E-9FDE-C96ECDCD6F19}"
EndProject
Project("{FAE04EC0-301F-11D3-BF4B-00C04F79EFBC}") = "Alilu.Modules.Mural.Application.Tests", "src\Modules\Mural\Application.Tests\Alilu.Modules.Mural.Application.Tests.csproj", "{0D225C77-71C4-420C-A4E4-93245256E579}"
EndProject
Project("{2150E333-8FDC-42A3-9474-1A3956D46DE8}") = "Resident", "Resident", "{E63010E3-4FB8-4798-8773-3274CD29306C}"
EndProject
Project("{FAE04EC0-301F-11D3-BF4B-00C04F79EFBC}") = "Alilu.Modules.Resident.Application", "src\Modules\Resident\Application\Alilu.Modules.Resident.Application.csproj", "{3AB88AC7-5A96-428D-8827-7F59E370498F}"
EndProject
Project("{FAE04EC0-301F-11D3-BF4B-00C04F79EFBC}") = "Alilu.Modules.Resident.Domain", "src\Modules\Resident\Domain\Alilu.Modules.Resident.Domain.csproj", "{65F7A816-3C34-45E6-82DE-3F2461594069}"
EndProject
Project("{FAE04EC0-301F-11D3-BF4B-00C04F79EFBC}") = "Alilu.Modules.Resident.Infrastructure", "src\Modules\Resident\Infrastructure\Alilu.Modules.Resident.Infrastructure.csproj", "{980B26DE-9563-49E9-9E77-B8B809386D7C}"
EndProject
Project("{FAE04EC0-301F-11D3-BF4B-00C04F79EFBC}") = "Alilu.Modules.Resident.Application.Tests", "src\Modules\Resident\Application.Tests\Alilu.Modules.Resident.Application.Tests.csproj", "{70905743-48A2-4191-98F8-99307761C624}"
EndProject
Project("{2150E333-8FDC-42A3-9474-1A3956D46DE8}") = "Reviews", "Reviews", "{F5882FEA-3D5C-4873-8025-7D3A9F709415}"
EndProject
Project("{FAE04EC0-301F-11D3-BF4B-00C04F79EFBC}") = "Alilu.Modules.Reviews.Application", "src\Modules\Reviews\Application\Alilu.Modules.Reviews.Application.csproj", "{FD622D3D-26DE-4716-B45C-012EE25DB639}"
EndProject
Project("{FAE04EC0-301F-11D3-BF4B-00C04F79EFBC}") = "Alilu.Modules.Reviews.Domain", "src\Modules\Reviews\Domain\Alilu.Modules.Reviews.Domain.csproj", "{A16AB896-38A3-45EA-829C-5CC3B677954C}"
EndProject
Project("{FAE04EC0-301F-11D3-BF4B-00C04F79EFBC}") = "Alilu.Modules.Reviews.Infrastructure", "src\Modules\Reviews\Infrastructure\Alilu.Modules.Reviews.Infrastructure.csproj", "{B4D77354-E5F9-4667-A490-B53FAC941EBE}"
EndProject
Project("{FAE04EC0-301F-11D3-BF4B-00C04F79EFBC}") = "Alilu.Modules.Reviews.Application.Tests", "src\Modules\Reviews\Application.Tests\Alilu.Modules.Reviews.Application.Tests.csproj", "{BA39FAE9-2E8E-43C3-A717-D6293F7437B6}"
EndProject
Project("{2150E333-8FDC-42A3-9474-1A3956D46DE8}") = "Scheduling", "Scheduling", "{9608AC42-A945-407F-8E8C-354CB6FC152A}"
EndProject
Project("{FAE04EC0-301F-11D3-BF4B-00C04F79EFBC}") = "Alilu.Modules.Scheduling.Application", "src\Modules\Scheduling\Application\Alilu.Modules.Scheduling.Application.csproj", "{CCF91C79-0E91-444D-8C8C-644596735A30}"
EndProject
Project("{FAE04EC0-301F-11D3-BF4B-00C04F79EFBC}") = "Alilu.Modules.Scheduling.Domain", "src\Modules\Scheduling\Domain\Alilu.Modules.Scheduling.Domain.csproj", "{8E29FA87-773C-4518-A6DC-33117BAF95BE}"
EndProject
Project("{FAE04EC0-301F-11D3-BF4B-00C04F79EFBC}") = "Alilu.Modules.Scheduling.Infrastructure", "src\Modules\Scheduling\Infrastructure\Alilu.Modules.Scheduling.Infrastructure.csproj", "{98F060DC-0C2F-4424-8710-965ED984CD91}"
EndProject
Project("{FAE04EC0-301F-11D3-BF4B-00C04F79EFBC}") = "Alilu.Modules.Scheduling.Application.Tests", "src\Modules\Scheduling\Application.Tests\Alilu.Modules.Scheduling.Application.Tests.csproj", "{B2C3D4E5-F6A7-4B8C-9D0E-1F2A3B4C5D6E}"
EndProject
Global
	GlobalSection(SolutionConfigurationPlatforms) = preSolution
		Debug|Any CPU = Debug|Any CPU
		Release|Any CPU = Release|Any CPU
	EndGlobalSection
	GlobalSection(SolutionProperties) = preSolution
		HideSolutionNode = FALSE
	EndGlobalSection
	GlobalSection(ProjectConfigurationPlatforms) = postSolution
		{EB364B7C-4E93-4BAA-85DB-27C1986DD0F6}.Debug|Any CPU.ActiveCfg = Debug|Any CPU
		{EB364B7C-4E93-4BAA-85DB-27C1986DD0F6}.Debug|Any CPU.Build.0 = Debug|Any CPU
		{EB364B7C-4E93-4BAA-85DB-27C1986DD0F6}.Release|Any CPU.ActiveCfg = Release|Any CPU
		{EB364B7C-4E93-4BAA-85DB-27C1986DD0F6}.Release|Any CPU.Build.0 = Release|Any CPU
		{A0C60E46-23D9-42A9-9103-881547B8961A}.Debug|Any CPU.ActiveCfg = Debug|Any CPU
		{A0C60E46-23D9-42A9-9103-881547B8961A}.Debug|Any CPU.Build.0 = Debug|Any CPU
		{A0C60E46-23D9-42A9-9103-881547B8961A}.Release|Any CPU.ActiveCfg = Release|Any CPU
		{A0C60E46-23D9-42A9-9103-881547B8961A}.Release|Any CPU.Build.0 = Release|Any CPU
		{061F9C35-3928-428C-9D18-CA4636C26802}.Debug|Any CPU.ActiveCfg = Debug|Any CPU
		{061F9C35-3928-428C-9D18-CA4636C26802}.Debug|Any CPU.Build.0 = Debug|Any CPU
		{061F9C35-3928-428C-9D18-CA4636C26802}.Release|Any CPU.ActiveCfg = Release|Any CPU
		{061F9C35-3928-428C-9D18-CA4636C26802}.Release|Any CPU.Build.0 = Release|Any CPU
		{562A1010-E8F8-4496-AC9A-ACDA462BEFA8}.Debug|Any CPU.ActiveCfg = Debug|Any CPU
		{562A1010-E8F8-4496-AC9A-ACDA462BEFA8}.Debug|Any CPU.Build.0 = Debug|Any CPU
		{562A1010-E8F8-4496-AC9A-ACDA462BEFA8}.Release|Any CPU.ActiveCfg = Release|Any CPU
		{562A1010-E8F8-4496-AC9A-ACDA462BEFA8}.Release|Any CPU.Build.0 = Release|Any CPU
		{C17F2CB6-DDE7-41EA-B4EA-197766BAE6E4}.Debug|Any CPU.ActiveCfg = Debug|Any CPU
		{C17F2CB6-DDE7-41EA-B4EA-197766BAE6E4}.Debug|Any CPU.Build.0 = Debug|Any CPU
		{C17F2CB6-DDE7-41EA-B4EA-197766BAE6E4}.Release|Any CPU.ActiveCfg = Release|Any CPU
		{C17F2CB6-DDE7-41EA-B4EA-197766BAE6E4}.Release|Any CPU.Build.0 = Release|Any CPU
		{4BB16AE3-62DF-4AC4-A62E-A059F6ED49F9}.Debug|Any CPU.ActiveCfg = Debug|Any CPU
		{4BB16AE3-62DF-4AC4-A62E-A059F6ED49F9}.Debug|Any CPU.Build.0 = Debug|Any CPU
		{4BB16AE3-62DF-4AC4-A62E-A059F6ED49F9}.Release|Any CPU.ActiveCfg = Release|Any CPU
		{4BB16AE3-62DF-4AC4-A62E-A059F6ED49F9}.Release|Any CPU.Build.0 = Release|Any CPU
		{1A2B3C4D-5E6F-4708-9A1B-2C3D4E5F6A7B}.Debug|Any CPU.ActiveCfg = Debug|Any CPU
		{1A2B3C4D-5E6F-4708-9A1B-2C3D4E5F6A7B}.Debug|Any CPU.Build.0 = Debug|Any CPU
		{1A2B3C4D-5E6F-4708-9A1B-2C3D4E5F6A7B}.Release|Any CPU.ActiveCfg = Release|Any CPU
		{1A2B3C4D-5E6F-4708-9A1B-2C3D4E5F6A7B}.Release|Any CPU.Build.0 = Release|Any CPU
		{CA02267E-875B-4508-984E-8F9113AA3724}.Debug|Any CPU.ActiveCfg = Debug|Any CPU
		{CA02267E-875B-4508-984E-8F9113AA3724}.Debug|Any CPU.Build.0 = Debug|Any CPU
		{CA02267E-875B-4508-984E-8F9113AA3724}.Release|Any CPU.ActiveCfg = Release|Any CPU
		{CA02267E-875B-4508-984E-8F9113AA3724}.Release|Any CPU.Build.0 = Release|Any CPU
		{62D296C2-9E78-4064-ADB5-1A81C36708DA}.Debug|Any CPU.ActiveCfg = Debug|Any CPU
		{62D296C2-9E78-4064-ADB5-1A81C36708DA}.Debug|Any CPU.Build.0 = Debug|Any CPU
		{62D296C2-9E78-4064-ADB5-1A81C36708DA}.Release|Any CPU.ActiveCfg = Release|Any CPU
		{62D296C2-9E78-4064-ADB5-1A81C36708DA}.Release|Any CPU.Build.0 = Release|Any CPU
		{20BD5BF5-E4ED-4B9C-A1E7-5D0D671DE3BC}.Debug|Any CPU.ActiveCfg = Debug|Any CPU
		{20BD5BF5-E4ED-4B9C-A1E7-5D0D671DE3BC}.Debug|Any CPU.Build.0 = Debug|Any CPU
		{20BD5BF5-E4ED-4B9C-A1E7-5D0D671DE3BC}.Release|Any CPU.ActiveCfg = Release|Any CPU
		{20BD5BF5-E4ED-4B9C-A1E7-5D0D671DE3BC}.Release|Any CPU.Build.0 = Release|Any CPU
		{5F00C4D1-F095-44D5-B87C-B958B9DAA148}.Debug|Any CPU.ActiveCfg = Debug|Any CPU
		{5F00C4D1-F095-44D5-B87C-B958B9DAA148}.Debug|Any CPU.Build.0 = Debug|Any CPU
		{5F00C4D1-F095-44D5-B87C-B958B9DAA148}.Release|Any CPU.ActiveCfg = Release|Any CPU
		{5F00C4D1-F095-44D5-B87C-B958B9DAA148}.Release|Any CPU.Build.0 = Release|Any CPU
		{7B818A4E-A88F-41A8-82A0-4EACF6D45494}.Debug|Any CPU.ActiveCfg = Debug|Any CPU
		{7B818A4E-A88F-41A8-82A0-4EACF6D45494}.Debug|Any CPU.Build.0 = Debug|Any CPU
		{7B818A4E-A88F-41A8-82A0-4EACF6D45494}.Release|Any CPU.ActiveCfg = Release|Any CPU
		{7B818A4E-A88F-41A8-82A0-4EACF6D45494}.Release|Any CPU.Build.0 = Release|Any CPU
		{4F9CA3E1-FB75-450A-B9F8-713A5911958C}.Debug|Any CPU.ActiveCfg = Debug|Any CPU
		{4F9CA3E1-FB75-450A-B9F8-713A5911958C}.Debug|Any CPU.Build.0 = Debug|Any CPU
		{4F9CA3E1-FB75-450A-B9F8-713A5911958C}.Release|Any CPU.ActiveCfg = Release|Any CPU
		{4F9CA3E1-FB75-450A-B9F8-713A5911958C}.Release|Any CPU.Build.0 = Release|Any CPU
		{C9F2D202-C287-4254-A62F-06EA5DD2B001}.Debug|Any CPU.ActiveCfg = Debug|Any CPU
		{C9F2D202-C287-4254-A62F-06EA5DD2B001}.Debug|Any CPU.Build.0 = Debug|Any CPU
		{C9F2D202-C287-4254-A62F-06EA5DD2B001}.Release|Any CPU.ActiveCfg = Release|Any CPU
		{C9F2D202-C287-4254-A62F-06EA5DD2B001}.Release|Any CPU.Build.0 = Release|Any CPU
		{7802DA18-61AE-4534-B532-3DCC1D162331}.Debug|Any CPU.ActiveCfg = Debug|Any CPU
		{7802DA18-61AE-4534-B532-3DCC1D162331}.Debug|Any CPU.Build.0 = Debug|Any CPU
		{7802DA18-61AE-4534-B532-3DCC1D162331}.Release|Any CPU.ActiveCfg = Release|Any CPU
		{7802DA18-61AE-4534-B532-3DCC1D162331}.Release|Any CPU.Build.0 = Release|Any CPU
		{DCCA210C-42D1-451C-BB30-B1B1CF9ABAF5}.Debug|Any CPU.ActiveCfg = Debug|Any CPU
		{DCCA210C-42D1-451C-BB30-B1B1CF9ABAF5}.Debug|Any CPU.Build.0 = Debug|Any CPU
		{DCCA210C-42D1-451C-BB30-B1B1CF9ABAF5}.Release|Any CPU.ActiveCfg = Release|Any CPU
		{DCCA210C-42D1-451C-BB30-B1B1CF9ABAF5}.Release|Any CPU.Build.0 = Release|Any CPU
		{FE6FE9DC-DEE7-4F48-A579-8D7AF1DB1437}.Debug|Any CPU.ActiveCfg = Debug|Any CPU
		{FE6FE9DC-DEE7-4F48-A579-8D7AF1DB1437}.Debug|Any CPU.Build.0 = Debug|Any CPU
		{FE6FE9DC-DEE7-4F48-A579-8D7AF1DB1437}.Release|Any CPU.ActiveCfg = Release|Any CPU
		{FE6FE9DC-DEE7-4F48-A579-8D7AF1DB1437}.Release|Any CPU.Build.0 = Release|Any CPU
		{0D6D9A47-FD74-4180-8FEA-C2B99EF6699B}.Debug|Any CPU.ActiveCfg = Debug|Any CPU
		{0D6D9A47-FD74-4180-8FEA-C2B99EF6699B}.Debug|Any CPU.Build.0 = Debug|Any CPU
		{0D6D9A47-FD74-4180-8FEA-C2B99EF6699B}.Release|Any CPU.ActiveCfg = Release|Any CPU
		{0D6D9A47-FD74-4180-8FEA-C2B99EF6699B}.Release|Any CPU.Build.0 = Release|Any CPU
		{F3AFD17E-53E0-400E-8121-3879640C59BB}.Debug|Any CPU.ActiveCfg = Debug|Any CPU
		{F3AFD17E-53E0-400E-8121-3879640C59BB}.Debug|Any CPU.Build.0 = Debug|Any CPU
		{F3AFD17E-53E0-400E-8121-3879640C59BB}.Release|Any CPU.ActiveCfg = Release|Any CPU
		{F3AFD17E-53E0-400E-8121-3879640C59BB}.Release|Any CPU.Build.0 = Release|Any CPU
		{E13843CA-6D8C-41D4-8A49-E843EDCD8DA2}.Debug|Any CPU.ActiveCfg = Debug|Any CPU
		{E13843CA-6D8C-41D4-8A49-E843EDCD8DA2}.Debug|Any CPU.Build.0 = Debug|Any CPU
		{E13843CA-6D8C-41D4-8A49-E843EDCD8DA2}.Release|Any CPU.ActiveCfg = Release|Any CPU
		{E13843CA-6D8C-41D4-8A49-E843EDCD8DA2}.Release|Any CPU.Build.0 = Release|Any CPU
		{85642A0B-171A-40E7-AF76-84D7DA517541}.Debug|Any CPU.ActiveCfg = Debug|Any CPU
		{85642A0B-171A-40E7-AF76-84D7DA517541}.Debug|Any CPU.Build.0 = Debug|Any CPU
		{85642A0B-171A-40E7-AF76-84D7DA517541}.Release|Any CPU.ActiveCfg = Release|Any CPU
		{85642A0B-171A-40E7-AF76-84D7DA517541}.Release|Any CPU.Build.0 = Release|Any CPU
		{A1B2C3D4-E5F6-4A7B-8C9D-0E1F2A3B4C5D}.Debug|Any CPU.ActiveCfg = Debug|Any CPU
		{A1B2C3D4-E5F6-4A7B-8C9D-0E1F2A3B4C5D}.Debug|Any CPU.Build.0 = Debug|Any CPU
		{A1B2C3D4-E5F6-4A7B-8C9D-0E1F2A3B4C5D}.Release|Any CPU.ActiveCfg = Release|Any CPU
		{A1B2C3D4-E5F6-4A7B-8C9D-0E1F2A3B4C5D}.Release|Any CPU.Build.0 = Release|Any CPU
		{5E6EF0AC-7B5C-4BF9-970F-46833CB4E143}.Debug|Any CPU.ActiveCfg = Debug|Any CPU
		{5E6EF0AC-7B5C-4BF9-970F-46833CB4E143}.Debug|Any CPU.Build.0 = Debug|Any CPU
		{5E6EF0AC-7B5C-4BF9-970F-46833CB4E143}.Release|Any CPU.ActiveCfg = Release|Any CPU
		{5E6EF0AC-7B5C-4BF9-970F-46833CB4E143}.Release|Any CPU.Build.0 = Release|Any CPU
		{21219BDC-B350-4A16-AE4F-EEE8CD4A6620}.Debug|Any CPU.ActiveCfg = Debug|Any CPU
		{21219BDC-B350-4A16-AE4F-EEE8CD4A6620}.Debug|Any CPU.Build.0 = Debug|Any CPU
		{21219BDC-B350-4A16-AE4F-EEE8CD4A6620}.Release|Any CPU.ActiveCfg = Release|Any CPU
		{21219BDC-B350-4A16-AE4F-EEE8CD4A6620}.Release|Any CPU.Build.0 = Release|Any CPU
		{E118C706-2135-4442-885A-B87156DF070C}.Debug|Any CPU.ActiveCfg = Debug|Any CPU
		{E118C706-2135-4442-885A-B87156DF070C}.Debug|Any CPU.Build.0 = Debug|Any CPU
		{E118C706-2135-4442-885A-B87156DF070C}.Release|Any CPU.ActiveCfg = Release|Any CPU
		{E118C706-2135-4442-885A-B87156DF070C}.Release|Any CPU.Build.0 = Release|Any CPU
		{D5B8DEC7-A9E2-4DC5-B815-B61D905E7B8A}.Debug|Any CPU.ActiveCfg = Debug|Any CPU
		{D5B8DEC7-A9E2-4DC5-B815-B61D905E7B8A}.Debug|Any CPU.Build.0 = Debug|Any CPU
		{D5B8DEC7-A9E2-4DC5-B815-B61D905E7B8A}.Release|Any CPU.ActiveCfg = Release|Any CPU
		{D5B8DEC7-A9E2-4DC5-B815-B61D905E7B8A}.Release|Any CPU.Build.0 = Release|Any CPU
		{8B704340-5968-4442-921A-C6AC69C3DB66}.Debug|Any CPU.ActiveCfg = Debug|Any CPU
		{8B704340-5968-4442-921A-C6AC69C3DB66}.Debug|Any CPU.Build.0 = Debug|Any CPU
		{8B704340-5968-4442-921A-C6AC69C3DB66}.Release|Any CPU.ActiveCfg = Release|Any CPU
		{8B704340-5968-4442-921A-C6AC69C3DB66}.Release|Any CPU.Build.0 = Release|Any CPU
		{5CC67C07-55F4-4ACF-BF5F-8C53A8C5390D}.Debug|Any CPU.ActiveCfg = Debug|Any CPU
		{5CC67C07-55F4-4ACF-BF5F-8C53A8C5390D}.Debug|Any CPU.Build.0 = Debug|Any CPU
		{5CC67C07-55F4-4ACF-BF5F-8C53A8C5390D}.Release|Any CPU.ActiveCfg = Release|Any CPU
		{5CC67C07-55F4-4ACF-BF5F-8C53A8C5390D}.Release|Any CPU.Build.0 = Release|Any CPU
		{579F6A2A-C0A3-418E-9FDE-C96ECDCD6F19}.Debug|Any CPU.ActiveCfg = Debug|Any CPU
		{579F6A2A-C0A3-418E-9FDE-C96ECDCD6F19}.Debug|Any CPU.Build.0 = Debug|Any CPU
		{579F6A2A-C0A3-418E-9FDE-C96ECDCD6F19}.Release|Any CPU.ActiveCfg = Release|Any CPU
		{579F6A2A-C0A3-418E-9FDE-C96ECDCD6F19}.Release|Any CPU.Build.0 = Release|Any CPU
		{0D225C77-71C4-420C-A4E4-93245256E579}.Debug|Any CPU.ActiveCfg = Debug|Any CPU
		{0D225C77-71C4-420C-A4E4-93245256E579}.Debug|Any CPU.Build.0 = Debug|Any CPU
		{0D225C77-71C4-420C-A4E4-93245256E579}.Release|Any CPU.ActiveCfg = Release|Any CPU
		{0D225C77-71C4-420C-A4E4-93245256E579}.Release|Any CPU.Build.0 = Release|Any CPU
		{3AB88AC7-5A96-428D-8827-7F59E370498F}.Debug|Any CPU.ActiveCfg = Debug|Any CPU
		{3AB88AC7-5A96-428D-8827-7F59E370498F}.Debug|Any CPU.Build.0 = Debug|Any CPU
		{3AB88AC7-5A96-428D-8827-7F59E370498F}.Release|Any CPU.ActiveCfg = Release|Any CPU
		{3AB88AC7-5A96-428D-8827-7F59E370498F}.Release|Any CPU.Build.0 = Release|Any CPU
		{65F7A816-3C34-45E6-82DE-3F2461594069}.Debug|Any CPU.ActiveCfg = Debug|Any CPU
		{65F7A816-3C34-45E6-82DE-3F2461594069}.Debug|Any CPU.Build.0 = Debug|Any CPU
		{65F7A816-3C34-45E6-82DE-3F2461594069}.Release|Any CPU.ActiveCfg = Release|Any CPU
		{65F7A816-3C34-45E6-82DE-3F2461594069}.Release|Any CPU.Build.0 = Release|Any CPU
		{980B26DE-9563-49E9-9E77-B8B809386D7C}.Debug|Any CPU.ActiveCfg = Debug|Any CPU
		{980B26DE-9563-49E9-9E77-B8B809386D7C}.Debug|Any CPU.Build.0 = Debug|Any CPU
		{980B26DE-9563-49E9-9E77-B8B809386D7C}.Release|Any CPU.ActiveCfg = Release|Any CPU
		{980B26DE-9563-49E9-9E77-B8B809386D7C}.Release|Any CPU.Build.0 = Release|Any CPU
		{70905743-48A2-4191-98F8-99307761C624}.Debug|Any CPU.ActiveCfg = Debug|Any CPU
		{70905743-48A2-4191-98F8-99307761C624}.Debug|Any CPU.Build.0 = Debug|Any CPU
		{70905743-48A2-4191-98F8-99307761C624}.Release|Any CPU.ActiveCfg = Release|Any CPU
		{70905743-48A2-4191-98F8-99307761C624}.Release|Any CPU.Build.0 = Release|Any CPU
		{FD622D3D-26DE-4716-B45C-012EE25DB639}.Debug|Any CPU.ActiveCfg = Debug|Any CPU
		{FD622D3D-26DE-4716-B45C-012EE25DB639}.Debug|Any CPU.Build.0 = Debug|Any CPU
		{FD622D3D-26DE-4716-B45C-012EE25DB639}.Release|Any CPU.ActiveCfg = Release|Any CPU
		{FD622D3D-26DE-4716-B45C-012EE25DB639}.Release|Any CPU.Build.0 = Release|Any CPU
		{A16AB896-38A3-45EA-829C-5CC3B677954C}.Debug|Any CPU.ActiveCfg = Debug|Any CPU
		{A16AB896-38A3-45EA-829C-5CC3B677954C}.Debug|Any CPU.Build.0 = Debug|Any CPU
		{A16AB896-38A3-45EA-829C-5CC3B677954C}.Release|Any CPU.ActiveCfg = Release|Any CPU
		{A16AB896-38A3-45EA-829C-5CC3B677954C}.Release|Any CPU.Build.0 = Release|Any CPU
		{B4D77354-E5F9-4667-A490-B53FAC941EBE}.Debug|Any CPU.ActiveCfg = Debug|Any CPU
		{B4D77354-E5F9-4667-A490-B53FAC941EBE}.Debug|Any CPU.Build.0 = Debug|Any CPU
		{B4D77354-E5F9-4667-A490-B53FAC941EBE}.Release|Any CPU.ActiveCfg = Release|Any CPU
		{B4D77354-E5F9-4667-A490-B53FAC941EBE}.Release|Any CPU.Build.0 = Release|Any CPU
		{BA39FAE9-2E8E-43C3-A717-D6293F7437B6}.Debug|Any CPU.ActiveCfg = Debug|Any CPU
		{BA39FAE9-2E8E-43C3-A717-D6293F7437B6}.Debug|Any CPU.Build.0 = Debug|Any CPU
		{BA39FAE9-2E8E-43C3-A717-D6293F7437B6}.Release|Any CPU.ActiveCfg = Release|Any CPU
		{BA39FAE9-2E8E-43C3-A717-D6293F7437B6}.Release|Any CPU.Build.0 = Release|Any CPU
		{CCF91C79-0E91-444D-8C8C-644596735A30}.Debug|Any CPU.ActiveCfg = Debug|Any CPU
		{CCF91C79-0E91-444D-8C8C-644596735A30}.Debug|Any CPU.Build.0 = Debug|Any CPU
		{CCF91C79-0E91-444D-8C8C-644596735A30}.Release|Any CPU.ActiveCfg = Release|Any CPU
		{CCF91C79-0E91-444D-8C8C-644596735A30}.Release|Any CPU.Build.0 = Release|Any CPU
		{8E29FA87-773C-4518-A6DC-33117BAF95BE}.Debug|Any CPU.ActiveCfg = Debug|Any CPU
		{8E29FA87-773C-4518-A6DC-33117BAF95BE}.Debug|Any CPU.Build.0 = Debug|Any CPU
		{8E29FA87-773C-4518-A6DC-33117BAF95BE}.Release|Any CPU.ActiveCfg = Release|Any CPU
		{8E29FA87-773C-4518-A6DC-33117BAF95BE}.Release|Any CPU.Build.0 = Release|Any CPU
		{98F060DC-0C2F-4424-8710-965ED984CD91}.Debug|Any CPU.ActiveCfg = Debug|Any CPU
		{98F060DC-0C2F-4424-8710-965ED984CD91}.Debug|Any CPU.Build.0 = Debug|Any CPU
		{98F060DC-0C2F-4424-8710-965ED984CD91}.Release|Any CPU.ActiveCfg = Release|Any CPU
		{98F060DC-0C2F-4424-8710-965ED984CD91}.Release|Any CPU.Build.0 = Release|Any CPU
		{B2C3D4E5-F6A7-4B8C-9D0E-1F2A3B4C5D6E}.Debug|Any CPU.ActiveCfg = Debug|Any CPU
		{B2C3D4E5-F6A7-4B8C-9D0E-1F2A3B4C5D6E}.Debug|Any CPU.Build.0 = Debug|Any CPU
		{B2C3D4E5-F6A7-4B8C-9D0E-1F2A3B4C5D6E}.Release|Any CPU.ActiveCfg = Release|Any CPU
		{B2C3D4E5-F6A7-4B8C-9D0E-1F2A3B4C5D6E}.Release|Any CPU.Build.0 = Release|Any CPU
		{A7C4E9F2-3B6D-4E81-9F5A-2C8D1B4E6A03}.Debug|Any CPU.ActiveCfg = Debug|Any CPU
		{A7C4E9F2-3B6D-4E81-9F5A-2C8D1B4E6A03}.Debug|Any CPU.Build.0 = Debug|Any CPU
		{A7C4E9F2-3B6D-4E81-9F5A-2C8D1B4E6A03}.Release|Any CPU.ActiveCfg = Release|Any CPU
		{A7C4E9F2-3B6D-4E81-9F5A-2C8D1B4E6A03}.Release|Any CPU.Build.0 = Release|Any CPU
	EndGlobalSection
	GlobalSection(NestedProjects) = preSolution
		{C7071999-393A-427C-834B-94B3609A4530} = {8808F48B-51DC-450A-AC49-263A60332F18}
		{EB364B7C-4E93-4BAA-85DB-27C1986DD0F6} = {C7071999-393A-427C-834B-94B3609A4530}
		{E3543777-9F9F-42E8-800F-D85EE74C310B} = {8808F48B-51DC-450A-AC49-263A60332F18}
		{A0C60E46-23D9-42A9-9103-881547B8961A} = {E3543777-9F9F-42E8-800F-D85EE74C310B}
		{90E83AA2-0510-475E-AE36-F9901DD85152} = {8808F48B-51DC-450A-AC49-263A60332F18}
		{061F9C35-3928-428C-9D18-CA4636C26802} = {90E83AA2-0510-475E-AE36-F9901DD85152}
		{56F6F1AC-DF9E-4DEE-A50A-A0BDCA156008} = {8808F48B-51DC-450A-AC49-263A60332F18}
		{EBAD3087-97DE-4F03-A9B3-A88F145A39DA} = {56F6F1AC-DF9E-4DEE-A50A-A0BDCA156008}
		{562A1010-E8F8-4496-AC9A-ACDA462BEFA8} = {EBAD3087-97DE-4F03-A9B3-A88F145A39DA}
		{C17F2CB6-DDE7-41EA-B4EA-197766BAE6E4} = {EBAD3087-97DE-4F03-A9B3-A88F145A39DA}
		{4BB16AE3-62DF-4AC4-A62E-A059F6ED49F9} = {EBAD3087-97DE-4F03-A9B3-A88F145A39DA}
		{1A2B3C4D-5E6F-4708-9A1B-2C3D4E5F6A7B} = {EBAD3087-97DE-4F03-A9B3-A88F145A39DA}
		{8729BED1-6AD8-426E-A200-1326ACF58434} = {56F6F1AC-DF9E-4DEE-A50A-A0BDCA156008}
		{CA02267E-875B-4508-984E-8F9113AA3724} = {8729BED1-6AD8-426E-A200-1326ACF58434}
		{62D296C2-9E78-4064-ADB5-1A81C36708DA} = {8729BED1-6AD8-426E-A200-1326ACF58434}
		{20BD5BF5-E4ED-4B9C-A1E7-5D0D671DE3BC} = {8729BED1-6AD8-426E-A200-1326ACF58434}
		{5F00C4D1-F095-44D5-B87C-B958B9DAA148} = {8729BED1-6AD8-426E-A200-1326ACF58434}
		{3A90EF40-0C81-49C4-8209-4526163CDDA4} = {56F6F1AC-DF9E-4DEE-A50A-A0BDCA156008}
		{7B818A4E-A88F-41A8-82A0-4EACF6D45494} = {3A90EF40-0C81-49C4-8209-4526163CDDA4}
		{4F9CA3E1-FB75-450A-B9F8-713A5911958C} = {3A90EF40-0C81-49C4-8209-4526163CDDA4}
		{C9F2D202-C287-4254-A62F-06EA5DD2B001} = {3A90EF40-0C81-49C4-8209-4526163CDDA4}
		{7802DA18-61AE-4534-B532-3DCC1D162331} = {3A90EF40-0C81-49C4-8209-4526163CDDA4}
		{5C2FB0E5-32A5-4C61-BD90-295033BE8650} = {56F6F1AC-DF9E-4DEE-A50A-A0BDCA156008}
		{DCCA210C-42D1-451C-BB30-B1B1CF9ABAF5} = {5C2FB0E5-32A5-4C61-BD90-295033BE8650}
		{FE6FE9DC-DEE7-4F48-A579-8D7AF1DB1437} = {5C2FB0E5-32A5-4C61-BD90-295033BE8650}
		{0D6D9A47-FD74-4180-8FEA-C2B99EF6699B} = {5C2FB0E5-32A5-4C61-BD90-295033BE8650}
		{A7C4E9F2-3B6D-4E81-9F5A-2C8D1B4E6A03} = {5C2FB0E5-32A5-4C61-BD90-295033BE8650}
		{4F553673-165F-4045-B050-F04282D2F1A4} = {56F6F1AC-DF9E-4DEE-A50A-A0BDCA156008}
		{F3AFD17E-53E0-400E-8121-3879640C59BB} = {4F553673-165F-4045-B050-F04282D2F1A4}
		{E13843CA-6D8C-41D4-8A49-E843EDCD8DA2} = {4F553673-165F-4045-B050-F04282D2F1A4}
		{85642A0B-171A-40E7-AF76-84D7DA517541} = {4F553673-165F-4045-B050-F04282D2F1A4}
		{A1B2C3D4-E5F6-4A7B-8C9D-0E1F2A3B4C5D} = {4F553673-165F-4045-B050-F04282D2F1A4}
		{FB55FDBB-4E6D-444A-9118-9C0AF17557E2} = {56F6F1AC-DF9E-4DEE-A50A-A0BDCA156008}
		{5E6EF0AC-7B5C-4BF9-970F-46833CB4E143} = {FB55FDBB-4E6D-444A-9118-9C0AF17557E2}
		{21219BDC-B350-4A16-AE4F-EEE8CD4A6620} = {FB55FDBB-4E6D-444A-9118-9C0AF17557E2}
		{E118C706-2135-4442-885A-B87156DF070C} = {FB55FDBB-4E6D-444A-9118-9C0AF17557E2}
		{D5B8DEC7-A9E2-4DC5-B815-B61D905E7B8A} = {FB55FDBB-4E6D-444A-9118-9C0AF17557E2}
		{BDA5BDF2-47F4-48AB-ABF8-18CFE50B74B0} = {56F6F1AC-DF9E-4DEE-A50A-A0BDCA156008}
		{8B704340-5968-4442-921A-C6AC69C3DB66} = {BDA5BDF2-47F4-48AB-ABF8-18CFE50B74B0}
		{5CC67C07-55F4-4ACF-BF5F-8C53A8C5390D} = {BDA5BDF2-47F4-48AB-ABF8-18CFE50B74B0}
		{579F6A2A-C0A3-418E-9FDE-C96ECDCD6F19} = {BDA5BDF2-47F4-48AB-ABF8-18CFE50B74B0}
		{0D225C77-71C4-420C-A4E4-93245256E579} = {BDA5BDF2-47F4-48AB-ABF8-18CFE50B74B0}
		{E63010E3-4FB8-4798-8773-3274CD29306C} = {56F6F1AC-DF9E-4DEE-A50A-A0BDCA156008}
		{3AB88AC7-5A96-428D-8827-7F59E370498F} = {E63010E3-4FB8-4798-8773-3274CD29306C}
		{65F7A816-3C34-45E6-82DE-3F2461594069} = {E63010E3-4FB8-4798-8773-3274CD29306C}
		{980B26DE-9563-49E9-9E77-B8B809386D7C} = {E63010E3-4FB8-4798-8773-3274CD29306C}
		{70905743-48A2-4191-98F8-99307761C624} = {E63010E3-4FB8-4798-8773-3274CD29306C}
		{F5882FEA-3D5C-4873-8025-7D3A9F709415} = {56F6F1AC-DF9E-4DEE-A50A-A0BDCA156008}
		{FD622D3D-26DE-4716-B45C-012EE25DB639} = {F5882FEA-3D5C-4873-8025-7D3A9F709415}
		{A16AB896-38A3-45EA-829C-5CC3B677954C} = {F5882FEA-3D5C-4873-8025-7D3A9F709415}
		{B4D77354-E5F9-4667-A490-B53FAC941EBE} = {F5882FEA-3D5C-4873-8025-7D3A9F709415}
		{BA39FAE9-2E8E-43C3-A717-D6293F7437B6} = {F5882FEA-3D5C-4873-8025-7D3A9F709415}
		{9608AC42-A945-407F-8E8C-354CB6FC152A} = {56F6F1AC-DF9E-4DEE-A50A-A0BDCA156008}
		{CCF91C79-0E91-444D-8C8C-644596735A30} = {9608AC42-A945-407F-8E8C-354CB6FC152A}
		{8E29FA87-773C-4518-A6DC-33117BAF95BE} = {9608AC42-A945-407F-8E8C-354CB6FC152A}
		{98F060DC-0C2F-4424-8710-965ED984CD91} = {9608AC42-A945-407F-8E8C-354CB6FC152A}
		{B2C3D4E5-F6A7-4B8C-9D0E-1F2A3B4C5D6E} = {9608AC42-A945-407F-8E8C-354CB6FC152A}
	EndGlobalSection
EndGlobal
